
Microsoft Visual Studio Solution File, Format Version 12.00
# Visual Studio 15
VisualStudioVersion = 15.0.28307.421
MinimumVisualStudioVersion = 10.0.40219.1
Project("{8BC9CEB8-8B4A-11D0-8D11-00A0C91BC942}") = "List_ListB", "List_ListB\List_ListB.vcxproj", "{A58104F4-96D6-4F3A-A2D6-C87FA84BF127}"
EndProject
Global
	GlobalSection(SolutionConfigurationPlatforms) = preSolution
		Debug|x64 = Debug|x64
		Debug|x86 = Debug|x86
		Release|x64 = Release|x64
		Release|x86 = Release|x86
	EndGlobalSection
	GlobalSection(ProjectConfigurationPlatforms) = postSolution
		{A58104F4-96D6-4F3A-A2D6-C87FA84BF127}.Debug|x64.ActiveCfg = Debug|x64
		{A58104F4-96D6-4F3A-A2D6-C87FA84BF127}.Debug|x64.Build.0 = Debug|x64
		{A58104F4-96D6-4F3A-A2D6-C87FA84BF127}.Debug|x86.ActiveCfg = Debug|Win32
		{A58104F4-96D6-4F3A-A2D6-C87FA84BF127}.Debug|x86.Build.0 = Debug|Win32
		{A58104F4-96D6-4F3A-A2D6-C87FA84BF127}.Release|x64.ActiveCfg = Release|x64
		{A58104F4-96D6-4F3A-A2D6-C87FA84BF127}.Release|x64.Build.0 = Release|x64
		{A58104F4-96D6-4F3A-A2D6-C87FA84BF127}.Release|x86.ActiveCfg = Release|Win32
		{A58104F4-96D6-4F3A-A2D6-C87FA84BF127}.Release|x86.Build.0 = Release|Win32
	EndGlobalSection
	GlobalSection(SolutionProperties) = preSolution
		HideSolutionNode = FALSE
	EndGlobalSection
	GlobalSection(ExtensibilityGlobals) = postSolution
		SolutionGuid = {7F0951A1-A7E9-4719-AE58-0D25A0633FE7}
	EndGlobalSection
EndGlobal
